
Microsoft Visual Studio Solution File, Format Version 12.00
# Visual Studio Version 16
VisualStudioVersion = 25.0.1704.0
MinimumVisualStudioVersion = 10.0.40219.1
Project("{FAE04EC0-301F-11D3-BF4B-00C04F79EFBC}") = "LearnInterfaceUI", "LearnInterfaceUI\LearnInterfaceUI.csproj", "{C93DAE64-F427-4300-831E-4065E5374507}"
EndProject
Project("{FAE04EC0-301F-11D3-BF4B-00C04F79EFBC}") = "DemoLibrary", "DemoLibrary\DemoLibrary.csproj", "{7B8BB8C8-E627-4061-9B47-E29C207714EC}"
EndProject
Global
	GlobalSection(SolutionConfigurationPlatforms) = preSolution
		Debug|Any CPU = Debug|Any CPU
		Release|Any CPU = Release|Any CPU
	EndGlobalSection
	GlobalSection(ProjectConfigurationPlatforms) = postSolution
		{C93DAE64-F427-4300-831E-4065E5374507}.Debug|Any CPU.ActiveCfg = Debug|Any CPU
		{C93DAE64-F427-4300-831E-4065E5374507}.Debug|Any CPU.Build.0 = Debug|Any CPU
		{C93DAE64-F427-4300-831E-4065E5374507}.Release|Any CPU.ActiveCfg = Release|Any CPU
		{C93DAE64-F427-4300-831E-4065E5374507}.Release|Any CPU.Build.0 = Release|Any CPU
		{7B8BB8C8-E627-4061-9B47-E29C207714EC}.Debug|Any CPU.ActiveCfg = Debug|Any CPU
		{7B8BB8C8-E627-4061-9B47-E29C207714EC}.Debug|Any CPU.Build.0 = Debug|Any CPU
		{7B8BB8C8-E627-4061-9B47-E29C207714EC}.Release|Any CPU.ActiveCfg = Release|Any CPU
		{7B8BB8C8-E627-4061-9B47-E29C207714EC}.Release|Any CPU.Build.0 = Release|Any CPU
	EndGlobalSection
	GlobalSection(SolutionProperties) = preSolution
		HideSolutionNode = FALSE
	EndGlobalSection
	GlobalSection(ExtensibilityGlobals) = postSolution
		SolutionGuid = {B25B4FEE-ACAF-4CD5-B70F-5AD64F083504}
	EndGlobalSection
EndGlobal
